
Microsoft Visual Studio Solution File, Format Version 12.00
# Visual Studio 15
VisualStudioVersion = 15.0.28307.1259
MinimumVisualStudioVersion = 10.0.40219.1
Project("{FAE04EC0-301F-11D3-BF4B-00C04F79EFBC}") = "Deudores.Android", "Deudores\Deudores.Android\Deudores.Android.csproj", "{E578C421-03B6-4056-B795-6E32CAC4188B}"
EndProject
Project("{FAE04EC0-301F-11D3-BF4B-00C04F79EFBC}") = "Deudores.UWP", "Deudores\Deudores.UWP\Deudores.UWP.csproj", "{DB10DA4B-CD26-4BE2-9923-B017BECBAA5D}"
EndProject
Project("{9A19103F-16F7-4668-BE54-9A1E7A4F7556}") = "Deudores", "Deudores\Deudores\Deudores.csproj", "{8F2C4C58-E39F-4F45-9482-B1AD019653E0}"
EndProject
Global
	GlobalSection(SolutionConfigurationPlatforms) = preSolution
		Debug|Any CPU = Debug|Any CPU
		Debug|ARM = Debug|ARM
		Debug|x64 = Debug|x64
		Debug|x86 = Debug|x86
		Gorilla|Any CPU = Gorilla|Any CPU
		Gorilla|ARM = Gorilla|ARM
		Gorilla|x64 = Gorilla|x64
		Gorilla|x86 = Gorilla|x86
		Release|Any CPU = Release|Any CPU
		Release|ARM = Release|ARM
		Release|x64 = Release|x64
		Release|x86 = Release|x86
	EndGlobalSection
	GlobalSection(ProjectConfigurationPlatforms) = postSolution
		{E578C421-03B6-4056-B795-6E32CAC4188B}.Debug|Any CPU.ActiveCfg = Debug|Any CPU
		{E578C421-03B6-4056-B795-6E32CAC4188B}.Debug|Any CPU.Build.0 = Debug|Any CPU
		{E578C421-03B6-4056-B795-6E32CAC4188B}.Debug|Any CPU.Deploy.0 = Debug|Any CPU
		{E578C421-03B6-4056-B795-6E32CAC4188B}.Debug|ARM.ActiveCfg = Debug|Any CPU
		{E578C421-03B6-4056-B795-6E32CAC4188B}.Debug|ARM.Build.0 = Debug|Any CPU
		{E578C421-03B6-4056-B795-6E32CAC4188B}.Debug|ARM.Deploy.0 = Debug|Any CPU
		{E578C421-03B6-4056-B795-6E32CAC4188B}.Debug|x64.ActiveCfg = Debug|Any CPU
		{E578C421-03B6-4056-B795-6E32CAC4188B}.Debug|x64.Build.0 = Debug|Any CPU
		{E578C421-03B6-4056-B795-6E32CAC4188B}.Debug|x64.Deploy.0 = Debug|Any CPU
		{E578C421-03B6-4056-B795-6E32CAC4188B}.Debug|x86.ActiveCfg = Debug|Any CPU
		{E578C421-03B6-4056-B795-6E32CAC4188B}.Debug|x86.Build.0 = Debug|Any CPU
		{E578C421-03B6-4056-B795-6E32CAC4188B}.Debug|x86.Deploy.0 = Debug|Any CPU
		{E578C421-03B6-4056-B795-6E32CAC4188B}.Gorilla|Any CPU.ActiveCfg = Release|Any CPU
		{E578C421-03B6-4056-B795-6E32CAC4188B}.Gorilla|Any CPU.Build.0 = Release|Any CPU
		{E578C421-03B6-4056-B795-6E32CAC4188B}.Gorilla|Any CPU.Deploy.0 = Release|Any CPU
		{E578C421-03B6-4056-B795-6E32CAC4188B}.Gorilla|ARM.ActiveCfg = Release|Any CPU
		{E578C421-03B6-4056-B795-6E32CAC4188B}.Gorilla|ARM.Build.0 = Release|Any CPU
		{E578C421-03B6-4056-B795-6E32CAC4188B}.Gorilla|ARM.Deploy.0 = Release|Any CPU
		{E578C421-03B6-4056-B795-6E32CAC4188B}.Gorilla|x64.ActiveCfg = Release|Any CPU
		{E578C421-03B6-4056-B795-6E32CAC4188B}.Gorilla|x64.Build.0 = Release|Any CPU
		{E578C421-03B6-4056-B795-6E32CAC4188B}.Gorilla|x64.Deploy.0 = Release|Any CPU
		{E578C421-03B6-4056-B795-6E32CAC4188B}.Gorilla|x86.ActiveCfg = Release|Any CPU
		{E578C421-03B6-4056-B795-6E32CAC4188B}.Gorilla|x86.Build.0 = Release|Any CPU
		{E578C421-03B6-4056-B795-6E32CAC4188B}.Gorilla|x86.Deploy.0 = Release|Any CPU
		{E578C421-03B6-4056-B795-6E32CAC4188B}.Release|Any CPU.ActiveCfg = Release|Any CPU
		{E578C421-03B6-4056-B795-6E32CAC4188B}.Release|Any CPU.Build.0 = Release|Any CPU
		{E578C421-03B6-4056-B795-6E32CAC4188B}.Release|Any CPU.Deploy.0 = Release|Any CPU
		{E578C421-03B6-4056-B795-6E32CAC4188B}.Release|ARM.ActiveCfg = Release|Any CPU
		{E578C421-03B6-4056-B795-6E32CAC4188B}.Release|ARM.Build.0 = Release|Any CPU
		{E578C421-03B6-4056-B795-6E32CAC4188B}.Release|ARM.Deploy.0 = Release|Any CPU
		{E578C421-03B6-4056-B795-6E32CAC4188B}.Release|x64.ActiveCfg = Release|Any CPU
		{E578C421-03B6-4056-B795-6E32CAC4188B}.Release|x64.Build.0 = Release|Any CPU
		{E578C421-03B6-4056-B795-6E32CAC4188B}.Release|x64.Deploy.0 = Release|Any CPU
		{E578C421-03B6-4056-B795-6E32CAC4188B}.Release|x86.ActiveCfg = Release|Any CPU
		{E578C421-03B6-4056-B795-6E32CAC4188B}.Release|x86.Build.0 = Release|Any CPU
		{E578C421-03B6-4056-B795-6E32CAC4188B}.Release|x86.Deploy.0 = Release|Any CPU
		{DB10DA4B-CD26-4BE2-9923-B017BECBAA5D}.Debug|Any CPU.ActiveCfg = Debug|x86
		{DB10DA4B-CD26-4BE2-9923-B017BECBAA5D}.Debug|Any CPU.Build.0 = Debug|x86
		{DB10DA4B-CD26-4BE2-9923-B017BECBAA5D}.Debug|Any CPU.Deploy.0 = Debug|x86
		{DB10DA4B-CD26-4BE2-9923-B017BECBAA5D}.Debug|ARM.ActiveCfg = Debug|ARM
		{DB10DA4B-CD26-4BE2-9923-B017BECBAA5D}.Debug|ARM.Build.0 = Debug|ARM
		{DB10DA4B-CD26-4BE2-9923-B017BECBAA5D}.Debug|ARM.Deploy.0 = Debug|ARM
		{DB10DA4B-CD26-4BE2-9923-B017BECBAA5D}.Debug|x64.ActiveCfg = Debug|x64
		{DB10DA4B-CD26-4BE2-9923-B017BECBAA5D}.Debug|x64.Build.0 = Debug|x64
		{DB10DA4B-CD26-4BE2-9923-B017BECBAA5D}.Debug|x64.Deploy.0 = Debug|x64
		{DB10DA4B-CD26-4BE2-9923-B017BECBAA5D}.Debug|x86.ActiveCfg = Debug|x86
		{DB10DA4B-CD26-4BE2-9923-B017BECBAA5D}.Debug|x86.Build.0 = Debug|x86
		{DB10DA4B-CD26-4BE2-9923-B017BECBAA5D}.Debug|x86.Deploy.0 = Debug|x86
		{DB10DA4B-CD26-4BE2-9923-B017BECBAA5D}.Gorilla|Any CPU.ActiveCfg = Release|x64
		{DB10DA4B-CD26-4BE2-9923-B017BECBAA5D}.Gorilla|Any CPU.Build.0 = Release|x64
		{DB10DA4B-CD26-4BE2-9923-B017BECBAA5D}.Gorilla|Any CPU.Deploy.0 = Release|x64
		{DB10DA4B-CD26-4BE2-9923-B017BECBAA5D}.Gorilla|ARM.ActiveCfg = Release|ARM
		{DB10DA4B-CD26-4BE2-9923-B017BECBAA5D}.Gorilla|ARM.Build.0 = Release|ARM
		{DB10DA4B-CD26-4BE2-9923-B017BECBAA5D}.Gorilla|ARM.Deploy.0 = Release|ARM
		{DB10DA4B-CD26-4BE2-9923-B017BECBAA5D}.Gorilla|x64.ActiveCfg = Release|x64
		{DB10DA4B-CD26-4BE2-9923-B017BECBAA5D}.Gorilla|x64.Build.0 = Release|x64
		{DB10DA4B-CD26-4BE2-9923-B017BECBAA5D}.Gorilla|x64.Deploy.0 = Release|x64
		{DB10DA4B-CD26-4BE2-9923-B017BECBAA5D}.Gorilla|x86.ActiveCfg = Release|x86
		{DB10DA4B-CD26-4BE2-9923-B017BECBAA5D}.Gorilla|x86.Build.0 = Release|x86
		{DB10DA4B-CD26-4BE2-9923-B017BECBAA5D}.Gorilla|x86.Deploy.0 = Release|x86
		{DB10DA4B-CD26-4BE2-9923-B017BECBAA5D}.Release|Any CPU.ActiveCfg = Release|x86
		{DB10DA4B-CD26-4BE2-9923-B017BECBAA5D}.Release|Any CPU.Build.0 = Release|x86
		{DB10DA4B-CD26-4BE2-9923-B017BECBAA5D}.Release|Any CPU.Deploy.0 = Release|x86
		{DB10DA4B-CD26-4BE2-9923-B017BECBAA5D}.Release|ARM.ActiveCfg = Release|ARM
		{DB10DA4B-CD26-4BE2-9923-B017BECBAA5D}.Release|ARM.Build.0 = Release|ARM
		{DB10DA4B-CD26-4BE2-9923-B017BECBAA5D}.Release|ARM.Deploy.0 = Release|ARM
		{DB10DA4B-CD26-4BE2-9923-B017BECBAA5D}.Release|x64.ActiveCfg = Release|x64
		{DB10DA4B-CD26-4BE2-9923-B017BECBAA5D}.Release|x64.Build.0 = Release|x64
		{DB10DA4B-CD26-4BE2-9923-B017BECBAA5D}.Release|x64.Deploy.0 = Release|x64
		{DB10DA4B-CD26-4BE2-9923-B017BECBAA5D}.Release|x86.ActiveCfg = Release|x86
		{DB10DA4B-CD26-4BE2-9923-B017BECBAA5D}.Release|x86.Build.0 = Release|x86
		{DB10DA4B-CD26-4BE2-9923-B017BECBAA5D}.Release|x86.Deploy.0 = Release|x86
		{8F2C4C58-E39F-4F45-9482-B1AD019653E0}.Debug|Any CPU.ActiveCfg = Debug|Any CPU
		{8F2C4C58-E39F-4F45-9482-B1AD019653E0}.Debug|Any CPU.Build.0 = Debug|Any CPU
		{8F2C4C58-E39F-4F45-9482-B1AD019653E0}.Debug|Any CPU.Deploy.0 = Debug|Any CPU
		{8F2C4C58-E39F-4F45-9482-B1AD019653E0}.Debug|ARM.ActiveCfg = Debug|Any CPU
		{8F2C4C58-E39F-4F45-9482-B1AD019653E0}.Debug|ARM.Build.0 = Debug|Any CPU
		{8F2C4C58-E39F-4F45-9482-B1AD019653E0}.Debug|ARM.Deploy.0 = Debug|Any CPU
		{8F2C4C58-E39F-4F45-9482-B1AD019653E0}.Debug|x64.ActiveCfg = Debug|Any CPU
		{8F2C4C58-E39F-4F45-9482-B1AD019653E0}.Debug|x64.Build.0 = Debug|Any CPU
		{8F2C4C58-E39F-4F45-9482-B1AD019653E0}.Debug|x64.Deploy.0 = Debug|Any CPU
		{8F2C4C58-E39F-4F45-9482-B1AD019653E0}.Debug|x86.ActiveCfg = Debug|Any CPU
		{8F2C4C58-E39F-4F45-9482-B1AD019653E0}.Debug|x86.Build.0 = Debug|Any CPU
		{8F2C4C58-E39F-4F45-9482-B1AD019653E0}.Debug|x86.Deploy.0 = Debug|Any CPU
		{8F2C4C58-E39F-4F45-9482-B1AD019653E0}.Gorilla|Any CPU.ActiveCfg = Release|Any CPU
		{8F2C4C58-E39F-4F45-9482-B1AD019653E0}.Gorilla|Any CPU.Build.0 = Release|Any CPU
		{8F2C4C58-E39F-4F45-9482-B1AD019653E0}.Gorilla|ARM.ActiveCfg = Release|Any CPU
		{8F2C4C58-E39F-4F45-9482-B1AD019653E0}.Gorilla|ARM.Build.0 = Release|Any CPU
		{8F2C4C58-E39F-4F45-9482-B1AD019653E0}.Gorilla|x64.ActiveCfg = Release|Any CPU
		{8F2C4C58-E39F-4F45-9482-B1AD019653E0}.Gorilla|x64.Build.0 = Release|Any CPU
		{8F2C4C58-E39F-4F45-9482-B1AD019653E0}.Gorilla|x86.ActiveCfg = Release|Any CPU
		{8F2C4C58-E39F-4F45-9482-B1AD019653E0}.Gorilla|x86.Build.0 = Release|Any CPU
		{8F2C4C58-E39F-4F45-9482-B1AD019653E0}.Release|Any CPU.ActiveCfg = Release|Any CPU
		{8F2C4C58-E39F-4F45-9482-B1AD019653E0}.Release|Any CPU.Build.0 = Release|Any CPU
		{8F2C4C58-E39F-4F45-9482-B1AD019653E0}.Release|Any CPU.Deploy.0 = Release|Any CPU
		{8F2C4C58-E39F-4F45-9482-B1AD019653E0}.Release|ARM.ActiveCfg = Release|Any CPU
		{8F2C4C58-E39F-4F45-9482-B1AD019653E0}.Release|ARM.Build.0 = Release|Any CPU
		{8F2C4C58-E39F-4F45-9482-B1AD019653E0}.Release|ARM.Deploy.0 = Release|Any CPU
		{8F2C4C58-E39F-4F45-9482-B1AD019653E0}.Release|x64.ActiveCfg = Release|Any CPU
		{8F2C4C58-E39F-4F45-9482-B1AD019653E0}.Release|x64.Build.0 = Release|Any CPU
		{8F2C4C58-E39F-4F45-9482-B1AD019653E0}.Release|x64.Deploy.0 = Release|Any CPU
		{8F2C4C58-E39F-4F45-9482-B1AD019653E0}.Release|x86.ActiveCfg = Release|Any CPU
		{8F2C4C58-E39F-4F45-9482-B1AD019653E0}.Release|x86.Build.0 = Release|Any CPU
		{8F2C4C58-E39F-4F45-9482-B1AD019653E0}.Release|x86.Deploy.0 = Release|Any CPU
	EndGlobalSection
	GlobalSection(SolutionProperties) = preSolution
		HideSolutionNode = FALSE
	EndGlobalSection
	GlobalSection(ExtensibilityGlobals) = postSolution
		SolutionGuid = {C607A9BE-D8B5-451F-A86C-5B5A8E39BFC4}
	EndGlobalSection
EndGlobal
